// !$*UTF8*$!
{
	archiveVersion = 1;
	classes = {
	};
	objectVersion = 55;
	objects = {

/* Begin PBXBuildFile section */
		7A055DF12806F40400697351 /* Password.swift in Sources */ = {isa = PBXBuildFile; fileRef = 7A055DF02806F40400697351 /* Password.swift */; };
		7A055DF32812D8C100697351 /* ToDoListController.swift in Sources */ = {isa = PBXBuildFile; fileRef = 7A055DF22812D8C100697351 /* ToDoListController.swift */; };
		7A055DF52819707000697351 /* Contacts.swift in Sources */ = {isa = PBXBuildFile; fileRef = 7A055DF42819707000697351 /* Contacts.swift */; };
		7A3384A927FB1D37009ADBBD /* AppDelegate.swift in Sources */ = {isa = PBXBuildFile; fileRef = 7A3384A827FB1D37009ADBBD /* AppDelegate.swift */; };
		7A3384AB27FB1D37009ADBBD /* SceneDelegate.swift in Sources */ = {isa = PBXBuildFile; fileRef = 7A3384AA27FB1D37009ADBBD /* SceneDelegate.swift */; };
		7A3384AD27FB1D37009ADBBD /* LoginScreenViewController.swift in Sources */ = {isa = PBXBuildFile; fileRef = 7A3384AC27FB1D37009ADBBD /* LoginScreenViewController.swift */; };
		7A3384B027FB1D37009ADBBD /* Main.storyboard in Resources */ = {isa = PBXBuildFile; fileRef = 7A3384AE27FB1D37009ADBBD /* Main.storyboard */; };
		7A3384B227FB1D38009ADBBD /* Assets.xcassets in Resources */ = {isa = PBXBuildFile; fileRef = 7A3384B127FB1D38009ADBBD /* Assets.xcassets */; };
		7A3384B527FB1D38009ADBBD /* LaunchScreen.storyboard in Resources */ = {isa = PBXBuildFile; fileRef = 7A3384B327FB1D38009ADBBD /* LaunchScreen.storyboard */; };
		7A3384C127FB24AC009ADBBD /* MainScreenViewController.swift in Sources */ = {isa = PBXBuildFile; fileRef = 7A3384C027FB24AC009ADBBD /* MainScreenViewController.swift */; };
		7A3D3E752827F99500ECB990 /* SettingsViewController.swift in Sources */ = {isa = PBXBuildFile; fileRef = 7A3D3E742827F99500ECB990 /* SettingsViewController.swift */; };
		7A3D3E772829460500ECB990 /* TaskListController.swift in Sources */ = {isa = PBXBuildFile; fileRef = 7A3D3E762829460500ECB990 /* TaskListController.swift */; };
		7A3D3E79282948F500ECB990 /* Task.swift in Sources */ = {isa = PBXBuildFile; fileRef = 7A3D3E78282948F500ECB990 /* Task.swift */; };
		7A3D3E7B28294AB500ECB990 /* TaskStorage.swift in Sources */ = {isa = PBXBuildFile; fileRef = 7A3D3E7A28294AB500ECB990 /* TaskStorage.swift */; };
		7A44DAA927FB39640060E25D /* NewPasswordViewController.swift in Sources */ = {isa = PBXBuildFile; fileRef = 7A44DAA827FB39640060E25D /* NewPasswordViewController.swift */; };
		7A44DAAB27FDCD5C0060E25D /* NewAccountViewController.swift in Sources */ = {isa = PBXBuildFile; fileRef = 7A44DAAA27FDCD5C0060E25D /* NewAccountViewController.swift */; };
		7A4CAB89282BDBF400608668 /* TaskCell.swift in Sources */ = {isa = PBXBuildFile; fileRef = 7A4CAB88282BDBF400608668 /* TaskCell.swift */; };
		7A4CAB8B283132CD00608668 /* TaskEditController.swift in Sources */ = {isa = PBXBuildFile; fileRef = 7A4CAB8A283132CD00608668 /* TaskEditController.swift */; };
		7A4CAB8D28313DD500608668 /* TaskTypeController.swift in Sources */ = {isa = PBXBuildFile; fileRef = 7A4CAB8C28313DD500608668 /* TaskTypeController.swift */; };
		7A4CAB902832784A00608668 /* TaskTypeCell.swift in Sources */ = {isa = PBXBuildFile; fileRef = 7A4CAB8E2832784A00608668 /* TaskTypeCell.swift */; };
		7A4CAB912832784A00608668 /* TaskTypeCell.xib in Resources */ = {isa = PBXBuildFile; fileRef = 7A4CAB8F2832784A00608668 /* TaskTypeCell.xib */; };
/* End PBXBuildFile section */

/* Begin PBXFileReference section */
		7A055DF02806F40400697351 /* Password.swift */ = {isa = PBXFileReference; lastKnownFileType = sourcecode.swift; path = Password.swift; sourceTree = "<group>"; };
		7A055DF22812D8C100697351 /* ToDoListController.swift */ = {isa = PBXFileReference; lastKnownFileType = sourcecode.swift; path = ToDoListController.swift; sourceTree = "<group>"; };
		7A055DF42819707000697351 /* Contacts.swift */ = {isa = PBXFileReference; lastKnownFileType = sourcecode.swift; path = Contacts.swift; sourceTree = "<group>"; };
		7A3384A527FB1D37009ADBBD /* MyApplication.app */ = {isa = PBXFileReference; explicitFileType = wrapper.application; includeInIndex = 0; path = MyApplication.app; sourceTree = BUILT_PRODUCTS_DIR; };
		7A3384A827FB1D37009ADBBD /* AppDelegate.swift */ = {isa = PBXFileReference; lastKnownFileType = sourcecode.swift; path = AppDelegate.swift; sourceTree = "<group>"; };
		7A3384AA27FB1D37009ADBBD /* SceneDelegate.swift */ = {isa = PBXFileReference; lastKnownFileType = sourcecode.swift; path = SceneDelegate.swift; sourceTree = "<group>"; };
		7A3384AC27FB1D37009ADBBD /* LoginScreenViewController.swift */ = {isa = PBXFileReference; lastKnownFileType = sourcecode.swift; path = LoginScreenViewController.swift; sourceTree = "<group>"; };
		7A3384AF27FB1D37009ADBBD /* Base */ = {isa = PBXFileReference; lastKnownFileType = file.storyboard; name = Base; path = Base.lproj/Main.storyboard; sourceTree = "<group>"; };
		7A3384B127FB1D38009ADBBD /* Assets.xcassets */ = {isa = PBXFileReference; lastKnownFileType = folder.assetcatalog; path = Assets.xcassets; sourceTree = "<group>"; };
		7A3384B427FB1D38009ADBBD /* Base */ = {isa = PBXFileReference; lastKnownFileType = file.storyboard; name = Base; path = Base.lproj/LaunchScreen.storyboard; sourceTree = "<group>"; };
		7A3384B627FB1D38009ADBBD /* Info.plist */ = {isa = PBXFileReference; lastKnownFileType = text.plist.xml; path = Info.plist; sourceTree = "<group>"; };
		7A3384C027FB24AC009ADBBD /* MainScreenViewController.swift */ = {isa = PBXFileReference; lastKnownFileType = sourcecode.swift; path = MainScreenViewController.swift; sourceTree = "<group>"; };
		7A3D3E742827F99500ECB990 /* SettingsViewController.swift */ = {isa = PBXFileReference; lastKnownFileType = sourcecode.swift; path = SettingsViewController.swift; sourceTree = "<group>"; };
		7A3D3E762829460500ECB990 /* TaskListController.swift */ = {isa = PBXFileReference; lastKnownFileType = sourcecode.swift; path = TaskListController.swift; sourceTree = "<group>"; };
		7A3D3E78282948F500ECB990 /* Task.swift */ = {isa = PBXFileReference; lastKnownFileType = sourcecode.swift; path = Task.swift; sourceTree = "<group>"; };
		7A3D3E7A28294AB500ECB990 /* TaskStorage.swift */ = {isa = PBXFileReference; lastKnownFileType = sourcecode.swift; path = TaskStorage.swift; sourceTree = "<group>"; };
		7A44DAA827FB39640060E25D /* NewPasswordViewController.swift */ = {isa = PBXFileReference; lastKnownFileType = sourcecode.swift; path = NewPasswordViewController.swift; sourceTree = "<group>"; };
		7A44DAAA27FDCD5C0060E25D /* NewAccountViewController.swift */ = {isa = PBXFileReference; lastKnownFileType = sourcecode.swift; path = NewAccountViewController.swift; sourceTree = "<group>"; };
		7A4CAB88282BDBF400608668 /* TaskCell.swift */ = {isa = PBXFileReference; lastKnownFileType = sourcecode.swift; path = TaskCell.swift; sourceTree = "<group>"; };
		7A4CAB8A283132CD00608668 /* TaskEditController.swift */ = {isa = PBXFileReference; lastKnownFileType = sourcecode.swift; path = TaskEditController.swift; sourceTree = "<group>"; };
		7A4CAB8C28313DD500608668 /* TaskTypeController.swift */ = {isa = PBXFileReference; lastKnownFileType = sourcecode.swift; path = TaskTypeController.swift; sourceTree = "<group>"; };
		7A4CAB8E2832784A00608668 /* TaskTypeCell.swift */ = {isa = PBXFileReference; lastKnownFileType = sourcecode.swift; path = TaskTypeCell.swift; sourceTree = "<group>"; };
		7A4CAB8F2832784A00608668 /* TaskTypeCell.xib */ = {isa = PBXFileReference; lastKnownFileType = file.xib; path = TaskTypeCell.xib; sourceTree = "<group>"; };
/* End PBXFileReference section */

/* Begin PBXFrameworksBuildPhase section */
		7A3384A227FB1D37009ADBBD /* Frameworks */ = {
			isa = PBXFrameworksBuildPhase;
			buildActionMask = 2147483647;
			files = (
			);
			runOnlyForDeploymentPostprocessing = 0;
		};
/* End PBXFrameworksBuildPhase section */

/* Begin PBXGroup section */
		7A055DEF2806F3F100697351 /* Model */ = {
			isa = PBXGroup;
			children = (
				7A055DF02806F40400697351 /* Password.swift */,
				7A055DF42819707000697351 /* Contacts.swift */,
				7A3D3E78282948F500ECB990 /* Task.swift */,
				7A3D3E7A28294AB500ECB990 /* TaskStorage.swift */,
			);
			path = Model;
			sourceTree = "<group>";
		};
		7A33849C27FB1D37009ADBBD = {
			isa = PBXGroup;
			children = (
				7A3384A727FB1D37009ADBBD /* MyApplication */,
				7A3384A627FB1D37009ADBBD /* Products */,
			);
			sourceTree = "<group>";
		};
		7A3384A627FB1D37009ADBBD /* Products */ = {
			isa = PBXGroup;
			children = (
				7A3384A527FB1D37009ADBBD /* MyApplication.app */,
			);
			name = Products;
			sourceTree = "<group>";
		};
		7A3384A727FB1D37009ADBBD /* MyApplication */ = {
			isa = PBXGroup;
			children = (
				7A055DEF2806F3F100697351 /* Model */,
				7A4CAB84282BDB2000608668 /* View */,
				7A3384BC27FB1D44009ADBBD /* Controllers */,
				7A3384BF27FB1DE6009ADBBD /* Application */,
				7A3384BE27FB1D93009ADBBD /* Resources */,
				7A3384AE27FB1D37009ADBBD /* Main.storyboard */,
			);
			path = MyApplication;
			sourceTree = "<group>";
		};
		7A3384BC27FB1D44009ADBBD /* Controllers */ = {
			isa = PBXGroup;
			children = (
				7A3384AC27FB1D37009ADBBD /* LoginScreenViewController.swift */,
				7A44DAAA27FDCD5C0060E25D /* NewAccountViewController.swift */,
				7A44DAA827FB39640060E25D /* NewPasswordViewController.swift */,
				7A3384C027FB24AC009ADBBD /* MainScreenViewController.swift */,
				7A055DF22812D8C100697351 /* ToDoListController.swift */,
				7A3D3E742827F99500ECB990 /* SettingsViewController.swift */,
				7A3D3E762829460500ECB990 /* TaskListController.swift */,
				7A4CAB8A283132CD00608668 /* TaskEditController.swift */,
				7A4CAB8C28313DD500608668 /* TaskTypeController.swift */,
			);
			path = Controllers;
			sourceTree = "<group>";
		};
		7A3384BE27FB1D93009ADBBD /* Resources */ = {
			isa = PBXGroup;
			children = (
				7A3384B127FB1D38009ADBBD /* Assets.xcassets */,
				7A3384B327FB1D38009ADBBD /* LaunchScreen.storyboard */,
				7A3384B627FB1D38009ADBBD /* Info.plist */,
			);
			path = Resources;
			sourceTree = "<group>";
		};
		7A3384BF27FB1DE6009ADBBD /* Application */ = {
			isa = PBXGroup;
			children = (
				7A3384A827FB1D37009ADBBD /* AppDelegate.swift */,
				7A3384AA27FB1D37009ADBBD /* SceneDelegate.swift */,
			);
			path = Application;
			sourceTree = "<group>";
		};
		7A4CAB84282BDB2000608668 /* View */ = {
			isa = PBXGroup;
			children = (
				7A4CAB87282BDBBC00608668 /* Cells */,
			);
			path = View;
			sourceTree = "<group>";
		};
		7A4CAB87282BDBBC00608668 /* Cells */ = {
			isa = PBXGroup;
			children = (
				7A4CAB88282BDBF400608668 /* TaskCell.swift */,
				7A4CAB8E2832784A00608668 /* TaskTypeCell.swift */,
				7A4CAB8F2832784A00608668 /* TaskTypeCell.xib */,
			);
			path = Cells;
			sourceTree = "<group>";
		};
/* End PBXGroup section */

/* Begin PBXNativeTarget section */
		7A3384A427FB1D37009ADBBD /* MyApplication */ = {
			isa = PBXNativeTarget;
			buildConfigurationList = 7A3384B927FB1D38009ADBBD /* Build configuration list for PBXNativeTarget "MyApplication" */;
			buildPhases = (
				7A3384A127FB1D37009ADBBD /* Sources */,
				7A3384A227FB1D37009ADBBD /* Frameworks */,
				7A3384A327FB1D37009ADBBD /* Resources */,
			);
			buildRules = (
			);
			dependencies = (
			);
			name = MyApplication;
			productName = MyApplication;
			productReference = 7A3384A527FB1D37009ADBBD /* MyApplication.app */;
			productType = "com.apple.product-type.application";
		};
/* End PBXNativeTarget section */

/* Begin PBXProject section */
		7A33849D27FB1D37009ADBBD /* Project object */ = {
			isa = PBXProject;
			attributes = {
				BuildIndependentTargetsInParallel = 1;
				LastSwiftUpdateCheck = 1330;
				LastUpgradeCheck = 1330;
				TargetAttributes = {
					7A3384A427FB1D37009ADBBD = {
						CreatedOnToolsVersion = 13.3;
					};
				};
			};
			buildConfigurationList = 7A3384A027FB1D37009ADBBD /* Build configuration list for PBXProject "MyApplication" */;
			compatibilityVersion = "Xcode 13.0";
			developmentRegion = en;
			hasScannedForEncodings = 0;
			knownRegions = (
				en,
				Base,
			);
			mainGroup = 7A33849C27FB1D37009ADBBD;
			productRefGroup = 7A3384A627FB1D37009ADBBD /* Products */;
			projectDirPath = "";
			projectRoot = "";
			targets = (
				7A3384A427FB1D37009ADBBD /* MyApplication */,
			);
		};
/* End PBXProject section */

/* Begin PBXResourcesBuildPhase section */
		7A3384A327FB1D37009ADBBD /* Resources */ = {
			isa = PBXResourcesBuildPhase;
			buildActionMask = 2147483647;
			files = (
				7A3384B527FB1D38009ADBBD /* LaunchScreen.storyboard in Resources */,
				7A3384B227FB1D38009ADBBD /* Assets.xcassets in Resources */,
				7A4CAB912832784A00608668 /* TaskTypeCell.xib in Resources */,
				7A3384B027FB1D37009ADBBD /* Main.storyboard in Resources */,
			);
			runOnlyForDeploymentPostprocessing = 0;
		};
/* End PBXResourcesBuildPhase section */

/* Begin PBXSourcesBuildPhase section */
		7A3384A127FB1D37009ADBBD /* Sources */ = {
			isa = PBXSourcesBuildPhase;
			buildActionMask = 2147483647;
			files = (
				7A3384AD27FB1D37009ADBBD /* LoginScreenViewController.swift in Sources */,
				7A3D3E7B28294AB500ECB990 /* TaskStorage.swift in Sources */,
				7A055DF32812D8C100697351 /* ToDoListController.swift in Sources */,
				7A3384C127FB24AC009ADBBD /* MainScreenViewController.swift in Sources */,
				7A3D3E752827F99500ECB990 /* SettingsViewController.swift in Sources */,
				7A3D3E79282948F500ECB990 /* Task.swift in Sources */,
				7A3384A927FB1D37009ADBBD /* AppDelegate.swift in Sources */,
				7A055DF12806F40400697351 /* Password.swift in Sources */,
				7A4CAB89282BDBF400608668 /* TaskCell.swift in Sources */,
				7A4CAB902832784A00608668 /* TaskTypeCell.swift in Sources */,
				7A3D3E772829460500ECB990 /* TaskListController.swift in Sources */,
				7A4CAB8B283132CD00608668 /* TaskEditController.swift in Sources */,
				7A44DAA927FB39640060E25D /* NewPasswordViewController.swift in Sources */,
				7A4CAB8D28313DD500608668 /* TaskTypeController.swift in Sources */,
				7A3384AB27FB1D37009ADBBD /* SceneDelegate.swift in Sources */,
				7A055DF52819707000697351 /* Contacts.swift in Sources */,
				7A44DAAB27FDCD5C0060E25D /* NewAccountViewController.swift in Sources */,
			);
			runOnlyForDeploymentPostprocessing = 0;
		};
/* End PBXSourcesBuildPhase section */

/* Begin PBXVariantGroup section */
		7A3384AE27FB1D37009ADBBD /* Main.storyboard */ = {
			isa = PBXVariantGroup;
			children = (
				7A3384AF27FB1D37009ADBBD /* Base */,
			);
			name = Main.storyboard;
			sourceTree = "<group>";
		};
		7A3384B327FB1D38009ADBBD /* LaunchScreen.storyboard */ = {
			isa = PBXVariantGroup;
			children = (
				7A3384B427FB1D38009ADBBD /* Base */,
			);
			name = LaunchScreen.storyboard;
			sourceTree = "<group>";
		};
/* End PBXVariantGroup section */

/* Begin XCBuildConfiguration section */
		7A3384B727FB1D38009ADBBD /* Debug */ = {
			isa = XCBuildConfiguration;
			buildSettings = {
				ALWAYS_SEARCH_USER_PATHS = NO;
				CLANG_ANALYZER_NONNULL = YES;
				CLANG_ANALYZER_NUMBER_OBJECT_CONVERSION = YES_AGGRESSIVE;
				CLANG_CXX_LANGUAGE_STANDARD = "gnu++17";
				CLANG_ENABLE_MODULES = YES;
				CLANG_ENABLE_OBJC_ARC = YES;
				CLANG_ENABLE_OBJC_WEAK = YES;
				CLANG_WARN_BLOCK_CAPTURE_AUTORELEASING = YES;
				CLANG_WARN_BOOL_CONVERSION = YES;
				CLANG_WARN_COMMA = YES;
				CLANG_WARN_CONSTANT_CONVERSION = YES;
				CLANG_WARN_DEPRECATED_OBJC_IMPLEMENTATIONS = YES;
				CLANG_WARN_DIRECT_OBJC_ISA_USAGE = YES_ERROR;
				CLANG_WARN_DOCUMENTATION_COMMENTS = YES;
				CLANG_WARN_EMPTY_BODY = YES;
				CLANG_WARN_ENUM_CONVERSION = YES;
				CLANG_WARN_INFINITE_RECURSION = YES;
				CLANG_WARN_INT_CONVERSION = YES;
				CLANG_WARN_NON_LITERAL_NULL_CONVERSION = YES;
				CLANG_WARN_OBJC_IMPLICIT_RETAIN_SELF = YES;
				CLANG_WARN_OBJC_LITERAL_CONVERSION = YES;
				CLANG_WARN_OBJC_ROOT_CLASS = YES_ERROR;
				CLANG_WARN_QUOTED_INCLUDE_IN_FRAMEWORK_HEADER = YES;
				CLANG_WARN_RANGE_LOOP_ANALYSIS = YES;
				CLANG_WARN_STRICT_PROTOTYPES = YES;
				CLANG_WARN_SUSPICIOUS_MOVE = YES;
				CLANG_WARN_UNGUARDED_AVAILABILITY = YES_AGGRESSIVE;
				CLANG_WARN_UNREACHABLE_CODE = YES;
				CLANG_WARN__DUPLICATE_METHOD_MATCH = YES;
				COPY_PHASE_STRIP = NO;
				DEBUG_INFORMATION_FORMAT = dwarf;
				ENABLE_STRICT_OBJC_MSGSEND = YES;
				ENABLE_TESTABILITY = YES;
				GCC_C_LANGUAGE_STANDARD = gnu11;
				GCC_DYNAMIC_NO_PIC = NO;
				GCC_NO_COMMON_BLOCKS = YES;
				GCC_OPTIMIZATION_LEVEL = 0;
				GCC_PREPROCESSOR_DEFINITIONS = (
					"DEBUG=1",
					"$(inherited)",
				);
				GCC_WARN_64_TO_32_BIT_CONVERSION = YES;
				GCC_WARN_ABOUT_RETURN_TYPE = YES_ERROR;
				GCC_WARN_UNDECLARED_SELECTOR = YES;
				GCC_WARN_UNINITIALIZED_AUTOS = YES_AGGRESSIVE;
				GCC_WARN_UNUSED_FUNCTION = YES;
				GCC_WARN_UNUSED_VARIABLE = YES;
				IPHONEOS_DEPLOYMENT_TARGET = 15.4;
				MTL_ENABLE_DEBUG_INFO = INCLUDE_SOURCE;
				MTL_FAST_MATH = YES;
				ONLY_ACTIVE_ARCH = YES;
				SDKROOT = iphoneos;
				SWIFT_ACTIVE_COMPILATION_CONDITIONS = DEBUG;
				SWIFT_OPTIMIZATION_LEVEL = "-Onone";
			};
			name = Debug;
		};
		7A3384B827FB1D38009ADBBD /* Release */ = {
			isa = XCBuildConfiguration;
			buildSettings = {
				ALWAYS_SEARCH_USER_PATHS = NO;
				CLANG_ANALYZER_NONNULL = YES;
				CLANG_ANALYZER_NUMBER_OBJECT_CONVERSION = YES_AGGRESSIVE;
				CLANG_CXX_LANGUAGE_STANDARD = "gnu++17";
				CLANG_ENABLE_MODULES = YES;
				CLANG_ENABLE_OBJC_ARC = YES;
				CLANG_ENABLE_OBJC_WEAK = YES;
				CLANG_WARN_BLOCK_CAPTURE_AUTORELEASING = YES;
				CLANG_WARN_BOOL_CONVERSION = YES;
				CLANG_WARN_COMMA = YES;
				CLANG_WARN_CONSTANT_CONVERSION = YES;
				CLANG_WARN_DEPRECATED_OBJC_IMPLEMENTATIONS = YES;
				CLANG_WARN_DIRECT_OBJC_ISA_USAGE = YES_ERROR;
				CLANG_WARN_DOCUMENTATION_COMMENTS = YES;
				CLANG_WARN_EMPTY_BODY = YES;
				CLANG_WARN_ENUM_CONVERSION = YES;
				CLANG_WARN_INFINITE_RECURSION = YES;
				CLANG_WARN_INT_CONVERSION = YES;
				CLANG_WARN_NON_LITERAL_NULL_CONVERSION = YES;
				CLANG_WARN_OBJC_IMPLICIT_RETAIN_SELF = YES;
				CLANG_WARN_OBJC_LITERAL_CONVERSION = YES;
				CLANG_WARN_OBJC_ROOT_CLASS = YES_ERROR;
				CLANG_WARN_QUOTED_INCLUDE_IN_FRAMEWORK_HEADER = YES;
				CLANG_WARN_RANGE_LOOP_ANALYSIS = YES;
				CLANG_WARN_STRICT_PROTOTYPES = YES;
				CLANG_WARN_SUSPICIOUS_MOVE = YES;
				CLANG_WARN_UNGUARDED_AVAILABILITY = YES_AGGRESSIVE;
				CLANG_WARN_UNREACHABLE_CODE = YES;
				CLANG_WARN__DUPLICATE_METHOD_MATCH = YES;
				COPY_PHASE_STRIP = NO;
				DEBUG_INFORMATION_FORMAT = "dwarf-with-dsym";
				ENABLE_NS_ASSERTIONS = NO;
				ENABLE_STRICT_OBJC_MSGSEND = YES;
				GCC_C_LANGUAGE_STANDARD = gnu11;
				GCC_NO_COMMON_BLOCKS = YES;
				GCC_WARN_64_TO_32_BIT_CONVERSION = YES;
				GCC_WARN_ABOUT_RETURN_TYPE = YES_ERROR;
				GCC_WARN_UNDECLARED_SELECTOR = YES;
				GCC_WARN_UNINITIALIZED_AUTOS = YES_AGGRESSIVE;
				GCC_WARN_UNUSED_FUNCTION = YES;
				GCC_WARN_UNUSED_VARIABLE = YES;
				IPHONEOS_DEPLOYMENT_TARGET = 15.4;
				MTL_ENABLE_DEBUG_INFO = NO;
				MTL_FAST_MATH = YES;
				SDKROOT = iphoneos;
				SWIFT_COMPILATION_MODE = wholemodule;
				SWIFT_OPTIMIZATION_LEVEL = "-O";
				VALIDATE_PRODUCT = YES;
			};
			name = Release;
		};
		7A3384BA27FB1D38009ADBBD /* Debug */ = {
			isa = XCBuildConfiguration;
			buildSettings = {
				ASSETCATALOG_COMPILER_APPICON_NAME = AppIcon;
				ASSETCATALOG_COMPILER_GLOBAL_ACCENT_COLOR_NAME = AccentColor;
				CODE_SIGN_STYLE = Automatic;
				CURRENT_PROJECT_VERSION = 1;
				DEVELOPMENT_TEAM = BD4K382DTL;
				GENERATE_INFOPLIST_FILE = YES;
				INFOPLIST_FILE = MyApplication/Resources/Info.plist;
				INFOPLIST_KEY_UIApplicationSupportsIndirectInputEvents = YES;
				INFOPLIST_KEY_UILaunchStoryboardName = LaunchScreen;
				INFOPLIST_KEY_UIMainStoryboardFile = Main;
				INFOPLIST_KEY_UISupportedInterfaceOrientations = UIInterfaceOrientationPortrait;
				INFOPLIST_KEY_UISupportedInterfaceOrientations_iPad = UIInterfaceOrientationPortrait;
				INFOPLIST_KEY_UISupportedInterfaceOrientations_iPhone = UIInterfaceOrientationPortrait;
				IPHONEOS_DEPLOYMENT_TARGET = 15.0;
				LD_RUNPATH_SEARCH_PATHS = (
					"$(inherited)",
					"@executable_path/Frameworks",
				);
				MARKETING_VERSION = 1.0;
				PRODUCT_BUNDLE_IDENTIFIER = ru.application1.MyApplication;
				PRODUCT_NAME = "$(TARGET_NAME)";
				SWIFT_EMIT_LOC_STRINGS = YES;
				SWIFT_VERSION = 5.0;
				TARGETED_DEVICE_FAMILY = 1;
			};
			name = Debug;
		};
		7A3384BB27FB1D38009ADBBD /* Release */ = {
			isa = XCBuildConfiguration;
			buildSettings = {
				ASSETCATALOG_COMPILER_APPICON_NAME = AppIcon;
				ASSETCATALOG_COMPILER_GLOBAL_ACCENT_COLOR_NAME = AccentColor;
				CODE_SIGN_STYLE = Automatic;
				CURRENT_PROJECT_VERSION = 1;
				DEVELOPMENT_TEAM = BD4K382DTL;
				GENERATE_INFOPLIST_FILE = YES;
				INFOPLIST_FILE = MyApplication/Resources/Info.plist;
				INFOPLIST_KEY_UIApplicationSupportsIndirectInputEvents = YES;
				INFOPLIST_KEY_UILaunchStoryboardName = LaunchScreen;
				INFOPLIST_KEY_UIMainStoryboardFile = Main;
				INFOPLIST_KEY_UISupportedInterfaceOrientations = UIInterfaceOrientationPortrait;
				INFOPLIST_KEY_UISupportedInterfaceOrientations_iPad = UIInterfaceOrientationPortrait;
				INFOPLIST_KEY_UISupportedInterfaceOrientations_iPhone = UIInterfaceOrientationPortrait;
				IPHONEOS_DEPLOYMENT_TARGET = 15.0;
				LD_RUNPATH_SEARCH_PATHS = (
					"$(inherited)",
					"@executable_path/Frameworks",
				);
				MARKETING_VERSION = 1.0;
				PRODUCT_BUNDLE_IDENTIFIER = ru.application1.MyApplication;
				PRODUCT_NAME = "$(TARGET_NAME)";
				SWIFT_EMIT_LOC_STRINGS = YES;
				SWIFT_VERSION = 5.0;
				TARGETED_DEVICE_FAMILY = 1;
			};
			name = Release;
		};
/* End XCBuildConfiguration section */

/* Begin XCConfigurationList section */
		7A3384A027FB1D37009ADBBD /* Build configuration list for PBXProject "MyApplication" */ = {
			isa = XCConfigurationList;
			buildConfigurations = (
				7A3384B727FB1D38009ADBBD /* Debug */,
				7A3384B827FB1D38009ADBBD /* Release */,
			);
			defaultConfigurationIsVisible = 0;
			defaultConfigurationName = Release;
		};
		7A3384B927FB1D38009ADBBD /* Build configuration list for PBXNativeTarget "MyApplication" */ = {
			isa = XCConfigurationList;
			buildConfigurations = (
				7A3384BA27FB1D38009ADBBD /* Debug */,
				7A3384BB27FB1D38009ADBBD /* Release */,
			);
			defaultConfigurationIsVisible = 0;
			defaultConfigurationName = Release;
		};
/* End XCConfigurationList section */
	};
	rootObject = 7A33849D27FB1D37009ADBBD /* Project object */;
}
